{
  "name": "Prime Bracket Challenge",
  "lockfileVersion": 3,
  "requires": true,
  "packages": {
    "": {
      "dependencies": {
        "@telegram-apps/sdk": "^3.7.1",
        "@tma.js/sdk": "^2.7.0",
        "framer-motion": "^12.23.22",
        "react-horizontal-scrolling-menu": "^8.2.0"
      }
    },
    "node_modules/@telegram-apps/bridge": {
      "version": "2.7.0",
      "resolved": "https://registry.npmjs.org/@telegram-apps/bridge/-/bridge-2.7.0.tgz",
      "integrity": "sha512-dW9FoUuC+DDYponosVGzCcq6LBPDN2j0y7be1Ezxf8QfjzifJefBejnRx5Di6gXW+u4CeIqCmI/nCmonwMIJAw==",
      "license": "MIT",
      "dependencies": {
        "@telegram-apps/signals": "^1.1.1",
        "@telegram-apps/toolkit": "^2.0.0",
        "@telegram-apps/transformers": "^2.2.0",
        "@telegram-apps/types": "^2.0.0",
        "better-promises": "^0.4.0",
        "error-kid": "^0.0.4",
        "mitt": "^3.0.1",
        "valibot": "1.0.0-beta.14"
      }
    },
    "node_modules/@telegram-apps/navigation": {
      "version": "1.0.13",
      "resolved": "https://registry.npmjs.org/@telegram-apps/navigation/-/navigation-1.0.13.tgz",
      "integrity": "sha512-TsUueB5LQp77GQHoMa93nq26Uw7GJjrFCPbyseMVU7aBBxAc+8CV2IYytRwcVp5sv/q7ThK5X4JaKn2V1yBHDQ==",
      "license": "MIT",
      "dependencies": {
        "@telegram-apps/bridge": "^1.9.2",
        "@telegram-apps/signals": "^1.1.1",
        "@telegram-apps/toolkit": "^1.1.1"
      }
    },
    "node_modules/@telegram-apps/navigation/node_modules/@telegram-apps/bridge": {
      "version": "1.9.2",
      "resolved": "https://registry.npmjs.org/@telegram-apps/bridge/-/bridge-1.9.2.tgz",
      "integrity": "sha512-SJLcNWLXhbbZr9MiqFH/g2ceuitSJKMxUIZysK4zUNyTUNuonrQG80Q/yrO+XiNbKUj8WdDNM86NBARhuyyinQ==",
      "license": "MIT",
      "dependencies": {
        "@telegram-apps/signals": "^1.1.1",
        "@telegram-apps/toolkit": "^1.1.1",
        "@telegram-apps/transformers": "^1.2.2",
        "@telegram-apps/types": "^1.2.1"
      }
    },
    "node_modules/@telegram-apps/navigation/node_modules/@telegram-apps/toolkit": {
      "version": "1.1.1",
      "resolved": "https://registry.npmjs.org/@telegram-apps/toolkit/-/toolkit-1.1.1.tgz",
      "integrity": "sha512-+vhKx6ngfvjyTE6Xagl3z1TPVbfx5s7xAkcYzCdHYUo6T60jLIqLgyZMcI1UPoIAMuMu1pHoO+p8QNCj/+tFmw==",
      "license": "MIT"
    },
    "node_modules/@telegram-apps/navigation/node_modules/@telegram-apps/transformers": {
      "version": "1.2.2",
      "resolved": "https://registry.npmjs.org/@telegram-apps/transformers/-/transformers-1.2.2.tgz",
      "integrity": "sha512-vvMwXckd1D7Ozc0h66PSUwF5QLrRV9HlGJFFeBuUex8QEk5mSPtsJkLiqB8aBbwuFDa91+TUSM/CxqPZO/e9YQ==",
      "license": "MIT",
      "dependencies": {
        "@telegram-apps/toolkit": "^1.1.1",
        "@telegram-apps/types": "^1.2.1"
      }
    },
    "node_modules/@telegram-apps/navigation/node_modules/@telegram-apps/types": {
      "version": "1.2.1",
      "resolved": "https://registry.npmjs.org/@telegram-apps/types/-/types-1.2.1.tgz",
      "integrity": "sha512-so4HLh7clur0YyMthi9KVIgWoGpZdXlFOuQjk3+Q5NAvJZ11nAheBSwPlGw/Ko92+zwvrSBE/lQyN2+p17RP+w==",
      "license": "MIT"
    },
    "node_modules/@telegram-apps/sdk": {
      "version": "3.7.1",
      "resolved": "https://registry.npmjs.org/@telegram-apps/sdk/-/sdk-3.7.1.tgz",
      "integrity": "sha512-j5Q8ohUpdwrx831zy+PS4utO90Unxy/2IyEuroNyVndIR6b/87AxxvUp7fT8XP98urrFxtzfK+0WhWWCm7KKyQ==",
      "license": "MIT",
      "dependencies": {
        "@telegram-apps/bridge": "^2.7.0",
        "@telegram-apps/navigation": "^1.0.13",
        "@telegram-apps/signals": "^1.1.1",
        "@telegram-apps/toolkit": "^2.0.0",
        "@telegram-apps/transformers": "^2.2.0",
        "@telegram-apps/types": "^2.0.0",
        "better-promises": "^0.4.0",
        "error-kid": "^0.0.4",
        "valibot": "1.0.0-beta.14"
      }
    },
    "node_modules/@telegram-apps/signals": {
      "version": "1.1.1",
      "resolved": "https://registry.npmjs.org/@telegram-apps/signals/-/signals-1.1.1.tgz",
      "integrity": "sha512-vz37r8lemGpPzDiBRfqpXYBynzmy3SFnY6zfHsTZABTYYt0b0WQZyU5mFDqqqugGhka78Gy11xmr9csgy4YgGA==",
      "license": "MIT"
    },
    "node_modules/@telegram-apps/toolkit": {
      "version": "2.0.0",
      "resolved": "https://registry.npmjs.org/@telegram-apps/toolkit/-/toolkit-2.0.0.tgz",
      "integrity": "sha512-1GKTLBNme1Phu/gFvgS9NWPq+LhPfzSIfnwhcF9I/6tCdufrLRcVaSMRiK9R4VDYD6iZUyj+a2l250qWAxxjQQ==",
      "license": "MIT"
    },
    "node_modules/@telegram-apps/transformers": {
      "version": "2.2.0",
      "resolved": "https://registry.npmjs.org/@telegram-apps/transformers/-/transformers-2.2.0.tgz",
      "integrity": "sha512-wqXXOukhEjZKhzdq5vG1LkxWL11DApbmUKzk+3nA/ki3TLyD3awVTOXbpoNdOwFl2xliIooYcsUOEl4WCyyLGw==",
      "license": "MIT",
      "dependencies": {
        "@telegram-apps/toolkit": "^2.0.0",
        "@telegram-apps/types": "^2.0.0",
        "valibot": "1.0.0-beta.14"
      }
    },
    "node_modules/@telegram-apps/types": {
      "version": "2.0.0",
      "resolved": "https://registry.npmjs.org/@telegram-apps/types/-/types-2.0.0.tgz",
      "integrity": "sha512-yF499FJK82a2IDNDAQdrmVH3sgFZl/QFNdVZKgWpgtunIVJ1fres5wi9+4aUBRVIdQwZOZZqB/AOvYYuYXsq3Q==",
      "license": "MIT"
    },
    "node_modules/@tma.js/sdk": {
      "version": "2.7.0",
      "resolved": "https://registry.npmjs.org/@tma.js/sdk/-/sdk-2.7.0.tgz",
      "integrity": "sha512-LRuJdoEbAqKmSYccvXx5emSnye2je8oIbBVPtV+BmcNoa/dCZ0gFVkaeuyBqzroGtfGDyGO/WebU54ie5MKmCQ==",
      "deprecated": "This package is not supported anymore. Use @telegram-apps/sdk instead.",
      "license": "MIT"
    },
    "node_modules/better-promises": {
      "version": "0.4.0",
      "resolved": "https://registry.npmjs.org/better-promises/-/better-promises-0.4.0.tgz",
      "integrity": "sha512-AcKkTUSd4o1vMf41eBbHW1NkY7vrXeNI6etitGdQE54WFXsF2wkfonrKA06Za7lViRNyT/cMvj5z+DScqhYW8A==",
      "license": "MIT",
      "dependencies": {
        "error-kid": "^0.0.4"
      }
    },
    "node_modules/compute-scroll-into-view": {
      "version": "3.1.1",
      "resolved": "https://registry.npmjs.org/compute-scroll-into-view/-/compute-scroll-into-view-3.1.1.tgz",
      "integrity": "sha512-VRhuHOLoKYOy4UbilLbUzbYg93XLjv2PncJC50EuTWPA3gaja1UjBsUP/D/9/juV3vQFr6XBEzn9KCAHdUvOHw==",
      "license": "MIT"
    },
    "node_modules/error-kid": {
      "version": "0.0.4",
      "resolved": "https://registry.npmjs.org/error-kid/-/error-kid-0.0.4.tgz",
      "integrity": "sha512-x+yQhY56SorLMnX6kOf+z3JCv2QBurcWEDcIjgxYtVr4fGeCfAtOdZOCyWttkHHDFPtL2PqnaRUmphbmALJd9w==",
      "license": "MIT"
    },
    "node_modules/framer-motion": {
      "version": "12.23.22",
      "resolved": "https://registry.npmjs.org/framer-motion/-/framer-motion-12.23.22.tgz",
      "integrity": "sha512-ZgGvdxXCw55ZYvhoZChTlG6pUuehecgvEAJz0BHoC5pQKW1EC5xf1Mul1ej5+ai+pVY0pylyFfdl45qnM1/GsA==",
      "license": "MIT",
      "dependencies": {
        "motion-dom": "^12.23.21",
        "motion-utils": "^12.23.6",
        "tslib": "^2.4.0"
      },
      "peerDependencies": {
        "@emotion/is-prop-valid": "*",
        "react": "^18.0.0 || ^19.0.0",
        "react-dom": "^18.0.0 || ^19.0.0"
      },
      "peerDependenciesMeta": {
        "@emotion/is-prop-valid": {
          "optional": true
        },
        "react": {
          "optional": true
        },
        "react-dom": {
          "optional": true
        }
      }
    },
    "node_modules/mitt": {
      "version": "3.0.1",
      "resolved": "https://registry.npmjs.org/mitt/-/mitt-3.0.1.tgz",
      "integrity": "sha512-vKivATfr97l2/QBCYAkXYDbrIWPM2IIKEl7YPhjCvKlG3kE2gm+uBo6nEXK3M5/Ffh/FLpKExzOQ3JJoJGFKBw==",
      "license": "MIT"
    },
    "node_modules/motion-dom": {
      "version": "12.23.21",
      "resolved": "https://registry.npmjs.org/motion-dom/-/motion-dom-12.23.21.tgz",
      "integrity": "sha512-5xDXx/AbhrfgsQmSE7YESMn4Dpo6x5/DTZ4Iyy4xqDvVHWvFVoV+V2Ri2S/ksx+D40wrZ7gPYiMWshkdoqNgNQ==",
      "license": "MIT",
      "dependencies": {
        "motion-utils": "^12.23.6"
      }
    },
    "node_modules/motion-utils": {
      "version": "12.23.6",
      "resolved": "https://registry.npmjs.org/motion-utils/-/motion-utils-12.23.6.tgz",
      "integrity": "sha512-eAWoPgr4eFEOFfg2WjIsMoqJTW6Z8MTUCgn/GZ3VRpClWBdnbjryiA3ZSNLyxCTmCQx4RmYX6jX1iWHbenUPNQ==",
      "license": "MIT"
    },
    "node_modules/react": {
      "version": "19.2.0",
      "resolved": "https://registry.npmjs.org/react/-/react-19.2.0.tgz",
      "integrity": "sha512-tmbWg6W31tQLeB5cdIBOicJDJRR2KzXsV7uSK9iNfLWQ5bIZfxuPEHp7M8wiHyHnn0DD1i7w3Zmin0FtkrwoCQ==",
      "license": "MIT",
      "peer": true,
      "engines": {
        "node": ">=0.10.0"
      }
    },
    "node_modules/react-dom": {
      "version": "19.2.0",
      "resolved": "https://registry.npmjs.org/react-dom/-/react-dom-19.2.0.tgz",
      "integrity": "sha512-UlbRu4cAiGaIewkPyiRGJk0imDN2T3JjieT6spoL2UeSf5od4n5LB/mQ4ejmxhCFT1tYe8IvaFulzynWovsEFQ==",
      "license": "MIT",
      "peer": true,
      "dependencies": {
        "scheduler": "^0.27.0"
      },
      "peerDependencies": {
        "react": "^19.2.0"
      }
    },
    "node_modules/react-horizontal-scrolling-menu": {
      "version": "8.2.0",
      "resolved": "https://registry.npmjs.org/react-horizontal-scrolling-menu/-/react-horizontal-scrolling-menu-8.2.0.tgz",
      "integrity": "sha512-WQEMkauUFLRWjhpHpiPGo1mfnLCvmeO840U+JZDB8Vn7eykQG6nklz0PxfBP91gneFBw6Ab11xuXcv17TU+Uig==",
      "license": "MIT",
      "dependencies": {
        "smooth-scroll-into-view-if-needed": "^2.0.2"
      },
      "engines": {
        "node": ">=18",
        "npm": ">=9.5.0"
      },
      "funding": {
        "type": "patreon",
        "url": "https://patreon.com/asmyshlyaev177"
      },
      "peerDependencies": {
        "react": ">=16.8",
        "react-dom": ">=16.8"
      }
    },
    "node_modules/scheduler": {
      "version": "0.27.0",
      "resolved": "https://registry.npmjs.org/scheduler/-/scheduler-0.27.0.tgz",
      "integrity": "sha512-eNv+WrVbKu1f3vbYJT/xtiF5syA5HPIMtf9IgY/nKg0sWqzAUEvqY/xm7OcZc/qafLx/iO9FgOmeSAp4v5ti/Q==",
      "license": "MIT",
      "peer": true
    },
    "node_modules/scroll-into-view-if-needed": {
      "version": "3.1.0",
      "resolved": "https://registry.npmjs.org/scroll-into-view-if-needed/-/scroll-into-view-if-needed-3.1.0.tgz",
      "integrity": "sha512-49oNpRjWRvnU8NyGVmUaYG4jtTkNonFZI86MmGRDqBphEK2EXT9gdEUoQPZhuBM8yWHxCWbobltqYO5M4XrUvQ==",
      "license": "MIT",
      "dependencies": {
        "compute-scroll-into-view": "^3.0.2"
      }
    },
    "node_modules/smooth-scroll-into-view-if-needed": {
      "version": "2.0.2",
      "resolved": "https://registry.npmjs.org/smooth-scroll-into-view-if-needed/-/smooth-scroll-into-view-if-needed-2.0.2.tgz",
      "integrity": "sha512-z54WzUSlM+xHHvJu3lMIsh+1d1kA4vaakcAtQvqzeGJ5Ffau7EKjpRrMHh1/OBo5zyU2h30ZYEt77vWmPHqg7Q==",
      "license": "MIT",
      "dependencies": {
        "scroll-into-view-if-needed": "^3.1.0"
      }
    },
    "node_modules/tslib": {
      "version": "2.8.1",
      "resolved": "https://registry.npmjs.org/tslib/-/tslib-2.8.1.tgz",
      "integrity": "sha512-oJFu94HQb+KVduSUQL7wnpmqnfmLsOA/nAh6b6EH0wCEoK0/mPeXU6c3wKDV83MkOuHPRHtSXKKU99IBazS/2w==",
      "license": "0BSD"
    },
    "node_modules/valibot": {
      "version": "1.0.0-beta.14",
      "resolved": "https://registry.npmjs.org/valibot/-/valibot-1.0.0-beta.14.tgz",
      "integrity": "sha512-tLyV2rE5QL6U29MFy3xt4AqMrn+/HErcp2ZThASnQvPMwfSozjV1uBGKIGiegtZIGjinJqn0SlBdannf18wENA==",
      "license": "MIT",
      "peerDependencies": {
        "typescript": ">=5"
      },
      "peerDependenciesMeta": {
        "typescript": {
          "optional": true
        }
      }
    }
  }
}
